// !$*UTF8*$!
{
	archiveVersion = 1;
	classes = {
	};
	objectVersion = 55;
	objects = {

/* Begin PBXBuildFile section */
		E3294A0928A591E400CC4BDC /* LineGraphView.swift in Sources */ = {isa = PBXBuildFile; fileRef = E3294A0828A591E400CC4BDC /* LineGraphView.swift */; };
		E3294A0B28A5AE9F00CC4BDC /* SparklineView.swift in Sources */ = {isa = PBXBuildFile; fileRef = E3294A0A28A5AE9F00CC4BDC /* SparklineView.swift */; };
		E32D9DE3289C1B5700429A94 /* Coin.swift in Sources */ = {isa = PBXBuildFile; fileRef = E32D9DE2289C1B5700429A94 /* Coin.swift */; };
		E34A61B828A9B38F0054E42C /* MarketContentView.swift in Sources */ = {isa = PBXBuildFile; fileRef = E34A61B728A9B38F0054E42C /* MarketContentView.swift */; };
		E37BBE5428B0358300405083 /* GlobalView.swift in Sources */ = {isa = PBXBuildFile; fileRef = E37BBE5328B0358300405083 /* GlobalView.swift */; };
		E38824F3288F19990002E9CB /* iHodlApp.swift in Sources */ = {isa = PBXBuildFile; fileRef = E38824F2288F19990002E9CB /* iHodlApp.swift */; };
		E38824F5288F19990002E9CB /* BaseView.swift in Sources */ = {isa = PBXBuildFile; fileRef = E38824F4288F19990002E9CB /* BaseView.swift */; };
		E38824F7288F199A0002E9CB /* Assets.xcassets in Resources */ = {isa = PBXBuildFile; fileRef = E38824F6288F199A0002E9CB /* Assets.xcassets */; };
		E38824FA288F199A0002E9CB /* Preview Assets.xcassets in Resources */ = {isa = PBXBuildFile; fileRef = E38824F9288F199A0002E9CB /* Preview Assets.xcassets */; };
		E3882501288F1AD60002E9CB /* Base.swift in Sources */ = {isa = PBXBuildFile; fileRef = E3882500288F1AD60002E9CB /* Base.swift */; };
		E3882503288F1B8C0002E9CB /* MainView.swift in Sources */ = {isa = PBXBuildFile; fileRef = E3882502288F1B8C0002E9CB /* MainView.swift */; };
		E38BDC5B28AE83A000841F9F /* Network.swift in Sources */ = {isa = PBXBuildFile; fileRef = E38BDC5A28AE83A000841F9F /* Network.swift */; };
		E39A198228A3F1E600E363DF /* MarketView.swift in Sources */ = {isa = PBXBuildFile; fileRef = E39A198128A3F1E600E363DF /* MarketView.swift */; };
		E39A198428A3F29D00E363DF /* Colors.swift in Sources */ = {isa = PBXBuildFile; fileRef = E39A198328A3F29D00E363DF /* Colors.swift */; };
		E39A198628A4134000E363DF /* Helper.swift in Sources */ = {isa = PBXBuildFile; fileRef = E39A198528A4134000E363DF /* Helper.swift */; };
		E39A198828A453F600E363DF /* CoinPreviewView.swift in Sources */ = {isa = PBXBuildFile; fileRef = E39A198728A453F600E363DF /* CoinPreviewView.swift */; };
		E39A198C28A45FA600E363DF /* Market.swift in Sources */ = {isa = PBXBuildFile; fileRef = E39A198B28A45FA600E363DF /* Market.swift */; };
		E3C71C0028B10187006B8AAB /* CoinDetailView.swift in Sources */ = {isa = PBXBuildFile; fileRef = E3C71BFF28B10187006B8AAB /* CoinDetailView.swift */; };
/* End PBXBuildFile section */

/* Begin PBXFileReference section */
		E3294A0828A591E400CC4BDC /* LineGraphView.swift */ = {isa = PBXFileReference; lastKnownFileType = sourcecode.swift; path = LineGraphView.swift; sourceTree = "<group>"; };
		E3294A0A28A5AE9F00CC4BDC /* SparklineView.swift */ = {isa = PBXFileReference; lastKnownFileType = sourcecode.swift; path = SparklineView.swift; sourceTree = "<group>"; };
		E32D9DE2289C1B5700429A94 /* Coin.swift */ = {isa = PBXFileReference; lastKnownFileType = sourcecode.swift; path = Coin.swift; sourceTree = "<group>"; };
		E34A61B728A9B38F0054E42C /* MarketContentView.swift */ = {isa = PBXFileReference; lastKnownFileType = sourcecode.swift; path = MarketContentView.swift; sourceTree = "<group>"; };
		E37BBE5328B0358300405083 /* GlobalView.swift */ = {isa = PBXFileReference; lastKnownFileType = sourcecode.swift; path = GlobalView.swift; sourceTree = "<group>"; };
		E38824EF288F19990002E9CB /* iHodl.app */ = {isa = PBXFileReference; explicitFileType = wrapper.application; includeInIndex = 0; path = iHodl.app; sourceTree = BUILT_PRODUCTS_DIR; };
		E38824F2288F19990002E9CB /* iHodlApp.swift */ = {isa = PBXFileReference; lastKnownFileType = sourcecode.swift; path = iHodlApp.swift; sourceTree = "<group>"; };
		E38824F4288F19990002E9CB /* BaseView.swift */ = {isa = PBXFileReference; lastKnownFileType = sourcecode.swift; path = BaseView.swift; sourceTree = "<group>"; };
		E38824F6288F199A0002E9CB /* Assets.xcassets */ = {isa = PBXFileReference; lastKnownFileType = folder.assetcatalog; path = Assets.xcassets; sourceTree = "<group>"; };
		E38824F9288F199A0002E9CB /* Preview Assets.xcassets */ = {isa = PBXFileReference; lastKnownFileType = folder.assetcatalog; path = "Preview Assets.xcassets"; sourceTree = "<group>"; };
		E3882500288F1AD60002E9CB /* Base.swift */ = {isa = PBXFileReference; lastKnownFileType = sourcecode.swift; path = Base.swift; sourceTree = "<group>"; };
		E3882502288F1B8C0002E9CB /* MainView.swift */ = {isa = PBXFileReference; lastKnownFileType = sourcecode.swift; path = MainView.swift; sourceTree = "<group>"; };
		E38BDC5A28AE83A000841F9F /* Network.swift */ = {isa = PBXFileReference; lastKnownFileType = sourcecode.swift; path = Network.swift; sourceTree = "<group>"; };
		E39A198128A3F1E600E363DF /* MarketView.swift */ = {isa = PBXFileReference; lastKnownFileType = sourcecode.swift; path = MarketView.swift; sourceTree = "<group>"; };
		E39A198328A3F29D00E363DF /* Colors.swift */ = {isa = PBXFileReference; lastKnownFileType = sourcecode.swift; path = Colors.swift; sourceTree = "<group>"; };
		E39A198528A4134000E363DF /* Helper.swift */ = {isa = PBXFileReference; lastKnownFileType = sourcecode.swift; path = Helper.swift; sourceTree = "<group>"; };
		E39A198728A453F600E363DF /* CoinPreviewView.swift */ = {isa = PBXFileReference; lastKnownFileType = sourcecode.swift; path = CoinPreviewView.swift; sourceTree = "<group>"; };
		E39A198B28A45FA600E363DF /* Market.swift */ = {isa = PBXFileReference; lastKnownFileType = sourcecode.swift; path = Market.swift; sourceTree = "<group>"; };
		E3C71BFF28B10187006B8AAB /* CoinDetailView.swift */ = {isa = PBXFileReference; lastKnownFileType = sourcecode.swift; path = CoinDetailView.swift; sourceTree = "<group>"; };
/* End PBXFileReference section */

/* Begin PBXFrameworksBuildPhase section */
		E38824EC288F19990002E9CB /* Frameworks */ = {
			isa = PBXFrameworksBuildPhase;
			buildActionMask = 2147483647;
			files = (
			);
			runOnlyForDeploymentPostprocessing = 0;
		};
/* End PBXFrameworksBuildPhase section */

/* Begin PBXGroup section */
		E38824E6288F19990002E9CB = {
			isa = PBXGroup;
			children = (
				E38824F1288F19990002E9CB /* iHodl */,
				E38824F0288F19990002E9CB /* Products */,
			);
			sourceTree = "<group>";
		};
		E38824F0288F19990002E9CB /* Products */ = {
			isa = PBXGroup;
			children = (
				E38824EF288F19990002E9CB /* iHodl.app */,
			);
			name = Products;
			sourceTree = "<group>";
		};
		E38824F1288F19990002E9CB /* iHodl */ = {
			isa = PBXGroup;
			children = (
				E38824F2288F19990002E9CB /* iHodlApp.swift */,
				E39A198528A4134000E363DF /* Helper.swift */,
				E3882504288F1BA70002E9CB /* Model */,
				E3882505288F1BB40002E9CB /* View */,
				E38824F6288F199A0002E9CB /* Assets.xcassets */,
				E38824F8288F199A0002E9CB /* Preview Content */,
			);
			path = iHodl;
			sourceTree = "<group>";
		};
		E38824F8288F199A0002E9CB /* Preview Content */ = {
			isa = PBXGroup;
			children = (
				E38824F9288F199A0002E9CB /* Preview Assets.xcassets */,
			);
			path = "Preview Content";
			sourceTree = "<group>";
		};
		E3882504288F1BA70002E9CB /* Model */ = {
			isa = PBXGroup;
			children = (
				E3882500288F1AD60002E9CB /* Base.swift */,
				E32D9DE2289C1B5700429A94 /* Coin.swift */,
				E38BDC5A28AE83A000841F9F /* Network.swift */,
				E39A198B28A45FA600E363DF /* Market.swift */,
			);
			path = Model;
			sourceTree = "<group>";
		};
		E3882505288F1BB40002E9CB /* View */ = {
			isa = PBXGroup;
			children = (
				E38824F4288F19990002E9CB /* BaseView.swift */,
				E3882502288F1B8C0002E9CB /* MainView.swift */,
				E39A198328A3F29D00E363DF /* Colors.swift */,
				E39A198928A45F1B00E363DF /* Market */,
			);
			path = View;
			sourceTree = "<group>";
		};
		E39A198928A45F1B00E363DF /* Market */ = {
			isa = PBXGroup;
			children = (
				E39A198128A3F1E600E363DF /* MarketView.swift */,
				E34A61B728A9B38F0054E42C /* MarketContentView.swift */,
				E37BBE5328B0358300405083 /* GlobalView.swift */,
				E39A198728A453F600E363DF /* CoinPreviewView.swift */,
				E3C71BFF28B10187006B8AAB /* CoinDetailView.swift */,
				E3294A0A28A5AE9F00CC4BDC /* SparklineView.swift */,
				E3294A0828A591E400CC4BDC /* LineGraphView.swift */,
			);
			path = Market;
			sourceTree = "<group>";
		};
/* End PBXGroup section */

/* Begin PBXNativeTarget section */
		E38824EE288F19990002E9CB /* iHodl */ = {
			isa = PBXNativeTarget;
			buildConfigurationList = E38824FD288F199A0002E9CB /* Build configuration list for PBXNativeTarget "iHodl" */;
			buildPhases = (
				E38824EB288F19990002E9CB /* Sources */,
				E38824EC288F19990002E9CB /* Frameworks */,
				E38824ED288F19990002E9CB /* Resources */,
			);
			buildRules = (
			);
			dependencies = (
			);
			name = iHodl;
			productName = iHodl;
			productReference = E38824EF288F19990002E9CB /* iHodl.app */;
			productType = "com.apple.product-type.application";
		};
/* End PBXNativeTarget section */

/* Begin PBXProject section */
		E38824E7288F19990002E9CB /* Project object */ = {
			isa = PBXProject;
			attributes = {
				BuildIndependentTargetsInParallel = 1;
				LastSwiftUpdateCheck = 1340;
				LastUpgradeCheck = 1340;
				TargetAttributes = {
					E38824EE288F19990002E9CB = {
						CreatedOnToolsVersion = 13.4.1;
					};
				};
			};
			buildConfigurationList = E38824EA288F19990002E9CB /* Build configuration list for PBXProject "iHodl" */;
			compatibilityVersion = "Xcode 13.0";
			developmentRegion = en;
			hasScannedForEncodings = 0;
			knownRegions = (
				en,
				Base,
			);
			mainGroup = E38824E6288F19990002E9CB;
			productRefGroup = E38824F0288F19990002E9CB /* Products */;
			projectDirPath = "";
			projectRoot = "";
			targets = (
				E38824EE288F19990002E9CB /* iHodl */,
			);
		};
/* End PBXProject section */

/* Begin PBXResourcesBuildPhase section */
		E38824ED288F19990002E9CB /* Resources */ = {
			isa = PBXResourcesBuildPhase;
			buildActionMask = 2147483647;
			files = (
				E38824FA288F199A0002E9CB /* Preview Assets.xcassets in Resources */,
				E38824F7288F199A0002E9CB /* Assets.xcassets in Resources */,
			);
			runOnlyForDeploymentPostprocessing = 0;
		};
/* End PBXResourcesBuildPhase section */

/* Begin PBXSourcesBuildPhase section */
		E38824EB288F19990002E9CB /* Sources */ = {
			isa = PBXSourcesBuildPhase;
			buildActionMask = 2147483647;
			files = (
				E39A198828A453F600E363DF /* CoinPreviewView.swift in Sources */,
				E3294A0928A591E400CC4BDC /* LineGraphView.swift in Sources */,
				E3882501288F1AD60002E9CB /* Base.swift in Sources */,
				E37BBE5428B0358300405083 /* GlobalView.swift in Sources */,
				E3882503288F1B8C0002E9CB /* MainView.swift in Sources */,
				E3294A0B28A5AE9F00CC4BDC /* SparklineView.swift in Sources */,
				E3C71C0028B10187006B8AAB /* CoinDetailView.swift in Sources */,
				E39A198228A3F1E600E363DF /* MarketView.swift in Sources */,
				E39A198428A3F29D00E363DF /* Colors.swift in Sources */,
				E38824F5288F19990002E9CB /* BaseView.swift in Sources */,
				E34A61B828A9B38F0054E42C /* MarketContentView.swift in Sources */,
				E32D9DE3289C1B5700429A94 /* Coin.swift in Sources */,
				E38824F3288F19990002E9CB /* iHodlApp.swift in Sources */,
				E39A198628A4134000E363DF /* Helper.swift in Sources */,
				E38BDC5B28AE83A000841F9F /* Network.swift in Sources */,
				E39A198C28A45FA600E363DF /* Market.swift in Sources */,
			);
			runOnlyForDeploymentPostprocessing = 0;
		};
/* End PBXSourcesBuildPhase section */

/* Begin XCBuildConfiguration section */
		E38824FB288F199A0002E9CB /* Debug */ = {
			isa = XCBuildConfiguration;
			buildSettings = {
				ALWAYS_SEARCH_USER_PATHS = NO;
				CLANG_ANALYZER_NONNULL = YES;
				CLANG_ANALYZER_NUMBER_OBJECT_CONVERSION = YES_AGGRESSIVE;
				CLANG_CXX_LANGUAGE_STANDARD = "gnu++17";
				CLANG_ENABLE_MODULES = YES;
				CLANG_ENABLE_OBJC_ARC = YES;
				CLANG_ENABLE_OBJC_WEAK = YES;
				CLANG_WARN_BLOCK_CAPTURE_AUTORELEASING = YES;
				CLANG_WARN_BOOL_CONVERSION = YES;
				CLANG_WARN_COMMA = YES;
				CLANG_WARN_CONSTANT_CONVERSION = YES;
				CLANG_WARN_DEPRECATED_OBJC_IMPLEMENTATIONS = YES;
				CLANG_WARN_DIRECT_OBJC_ISA_USAGE = YES_ERROR;
				CLANG_WARN_DOCUMENTATION_COMMENTS = YES;
				CLANG_WARN_EMPTY_BODY = YES;
				CLANG_WARN_ENUM_CONVERSION = YES;
				CLANG_WARN_INFINITE_RECURSION = YES;
				CLANG_WARN_INT_CONVERSION = YES;
				CLANG_WARN_NON_LITERAL_NULL_CONVERSION = YES;
				CLANG_WARN_OBJC_IMPLICIT_RETAIN_SELF = YES;
				CLANG_WARN_OBJC_LITERAL_CONVERSION = YES;
				CLANG_WARN_OBJC_ROOT_CLASS = YES_ERROR;
				CLANG_WARN_QUOTED_INCLUDE_IN_FRAMEWORK_HEADER = YES;
				CLANG_WARN_RANGE_LOOP_ANALYSIS = YES;
				CLANG_WARN_STRICT_PROTOTYPES = YES;
				CLANG_WARN_SUSPICIOUS_MOVE = YES;
				CLANG_WARN_UNGUARDED_AVAILABILITY = YES_AGGRESSIVE;
				CLANG_WARN_UNREACHABLE_CODE = YES;
				CLANG_WARN__DUPLICATE_METHOD_MATCH = YES;
				COPY_PHASE_STRIP = NO;
				DEBUG_INFORMATION_FORMAT = dwarf;
				ENABLE_STRICT_OBJC_MSGSEND = YES;
				ENABLE_TESTABILITY = YES;
				GCC_C_LANGUAGE_STANDARD = gnu11;
				GCC_DYNAMIC_NO_PIC = NO;
				GCC_NO_COMMON_BLOCKS = YES;
				GCC_OPTIMIZATION_LEVEL = 0;
				GCC_PREPROCESSOR_DEFINITIONS = (
					"DEBUG=1",
					"$(inherited)",
				);
				GCC_WARN_64_TO_32_BIT_CONVERSION = YES;
				GCC_WARN_ABOUT_RETURN_TYPE = YES_ERROR;
				GCC_WARN_UNDECLARED_SELECTOR = YES;
				GCC_WARN_UNINITIALIZED_AUTOS = YES_AGGRESSIVE;
				GCC_WARN_UNUSED_FUNCTION = YES;
				GCC_WARN_UNUSED_VARIABLE = YES;
				IPHONEOS_DEPLOYMENT_TARGET = 15.5;
				MTL_ENABLE_DEBUG_INFO = INCLUDE_SOURCE;
				MTL_FAST_MATH = YES;
				ONLY_ACTIVE_ARCH = YES;
				SDKROOT = iphoneos;
				SWIFT_ACTIVE_COMPILATION_CONDITIONS = DEBUG;
				SWIFT_OPTIMIZATION_LEVEL = "-Onone";
			};
			name = Debug;
		};
		E38824FC288F199A0002E9CB /* Release */ = {
			isa = XCBuildConfiguration;
			buildSettings = {
				ALWAYS_SEARCH_USER_PATHS = NO;
				CLANG_ANALYZER_NONNULL = YES;
				CLANG_ANALYZER_NUMBER_OBJECT_CONVERSION = YES_AGGRESSIVE;
				CLANG_CXX_LANGUAGE_STANDARD = "gnu++17";
				CLANG_ENABLE_MODULES = YES;
				CLANG_ENABLE_OBJC_ARC = YES;
				CLANG_ENABLE_OBJC_WEAK = YES;
				CLANG_WARN_BLOCK_CAPTURE_AUTORELEASING = YES;
				CLANG_WARN_BOOL_CONVERSION = YES;
				CLANG_WARN_COMMA = YES;
				CLANG_WARN_CONSTANT_CONVERSION = YES;
				CLANG_WARN_DEPRECATED_OBJC_IMPLEMENTATIONS = YES;
				CLANG_WARN_DIRECT_OBJC_ISA_USAGE = YES_ERROR;
				CLANG_WARN_DOCUMENTATION_COMMENTS = YES;
				CLANG_WARN_EMPTY_BODY = YES;
				CLANG_WARN_ENUM_CONVERSION = YES;
				CLANG_WARN_INFINITE_RECURSION = YES;
				CLANG_WARN_INT_CONVERSION = YES;
				CLANG_WARN_NON_LITERAL_NULL_CONVERSION = YES;
				CLANG_WARN_OBJC_IMPLICIT_RETAIN_SELF = YES;
				CLANG_WARN_OBJC_LITERAL_CONVERSION = YES;
				CLANG_WARN_OBJC_ROOT_CLASS = YES_ERROR;
				CLANG_WARN_QUOTED_INCLUDE_IN_FRAMEWORK_HEADER = YES;
				CLANG_WARN_RANGE_LOOP_ANALYSIS = YES;
				CLANG_WARN_STRICT_PROTOTYPES = YES;
				CLANG_WARN_SUSPICIOUS_MOVE = YES;
				CLANG_WARN_UNGUARDED_AVAILABILITY = YES_AGGRESSIVE;
				CLANG_WARN_UNREACHABLE_CODE = YES;
				CLANG_WARN__DUPLICATE_METHOD_MATCH = YES;
				COPY_PHASE_STRIP = NO;
				DEBUG_INFORMATION_FORMAT = "dwarf-with-dsym";
				ENABLE_NS_ASSERTIONS = NO;
				ENABLE_STRICT_OBJC_MSGSEND = YES;
				GCC_C_LANGUAGE_STANDARD = gnu11;
				GCC_NO_COMMON_BLOCKS = YES;
				GCC_WARN_64_TO_32_BIT_CONVERSION = YES;
				GCC_WARN_ABOUT_RETURN_TYPE = YES_ERROR;
				GCC_WARN_UNDECLARED_SELECTOR = YES;
				GCC_WARN_UNINITIALIZED_AUTOS = YES_AGGRESSIVE;
				GCC_WARN_UNUSED_FUNCTION = YES;
				GCC_WARN_UNUSED_VARIABLE = YES;
				IPHONEOS_DEPLOYMENT_TARGET = 15.5;
				MTL_ENABLE_DEBUG_INFO = NO;
				MTL_FAST_MATH = YES;
				SDKROOT = iphoneos;
				SWIFT_COMPILATION_MODE = wholemodule;
				SWIFT_OPTIMIZATION_LEVEL = "-O";
				VALIDATE_PRODUCT = YES;
			};
			name = Release;
		};
		E38824FE288F199A0002E9CB /* Debug */ = {
			isa = XCBuildConfiguration;
			buildSettings = {
				ASSETCATALOG_COMPILER_APPICON_NAME = AppIcon;
				ASSETCATALOG_COMPILER_GLOBAL_ACCENT_COLOR_NAME = AccentColor;
				CODE_SIGN_STYLE = Automatic;
				CURRENT_PROJECT_VERSION = 1;
				DEVELOPMENT_ASSET_PATHS = "\"iHodl/Preview Content\"";
				DEVELOPMENT_TEAM = 79Z9Y4F2FG;
				ENABLE_PREVIEWS = YES;
				GENERATE_INFOPLIST_FILE = YES;
				INFOPLIST_KEY_UIApplicationSceneManifest_Generation = YES;
				INFOPLIST_KEY_UIApplicationSupportsIndirectInputEvents = YES;
				INFOPLIST_KEY_UILaunchScreen_Generation = YES;
				INFOPLIST_KEY_UISupportedInterfaceOrientations_iPad = "UIInterfaceOrientationPortrait UIInterfaceOrientationPortraitUpsideDown UIInterfaceOrientationLandscapeLeft UIInterfaceOrientationLandscapeRight";
				INFOPLIST_KEY_UISupportedInterfaceOrientations_iPhone = "UIInterfaceOrientationPortrait UIInterfaceOrientationLandscapeLeft UIInterfaceOrientationLandscapeRight";
				LD_RUNPATH_SEARCH_PATHS = (
					"$(inherited)",
					"@executable_path/Frameworks",
				);
				MARKETING_VERSION = 1.0;
				PRODUCT_BUNDLE_IDENTIFIER = me.leofriskey.iHodl;
				PRODUCT_NAME = "$(TARGET_NAME)";
				SWIFT_EMIT_LOC_STRINGS = YES;
				SWIFT_VERSION = 5.0;
				TARGETED_DEVICE_FAMILY = "1,2";
			};
			name = Debug;
		};
		E38824FF288F199A0002E9CB /* Release */ = {
			isa = XCBuildConfiguration;
			buildSettings = {
				ASSETCATALOG_COMPILER_APPICON_NAME = AppIcon;
				ASSETCATALOG_COMPILER_GLOBAL_ACCENT_COLOR_NAME = AccentColor;
				CODE_SIGN_STYLE = Automatic;
				CURRENT_PROJECT_VERSION = 1;
				DEVELOPMENT_ASSET_PATHS = "\"iHodl/Preview Content\"";
				DEVELOPMENT_TEAM = 79Z9Y4F2FG;
				ENABLE_PREVIEWS = YES;
				GENERATE_INFOPLIST_FILE = YES;
				INFOPLIST_KEY_UIApplicationSceneManifest_Generation = YES;
				INFOPLIST_KEY_UIApplicationSupportsIndirectInputEvents = YES;
				INFOPLIST_KEY_UILaunchScreen_Generation = YES;
				INFOPLIST_KEY_UISupportedInterfaceOrientations_iPad = "UIInterfaceOrientationPortrait UIInterfaceOrientationPortraitUpsideDown UIInterfaceOrientationLandscapeLeft UIInterfaceOrientationLandscapeRight";
				INFOPLIST_KEY_UISupportedInterfaceOrientations_iPhone = "UIInterfaceOrientationPortrait UIInterfaceOrientationLandscapeLeft UIInterfaceOrientationLandscapeRight";
				LD_RUNPATH_SEARCH_PATHS = (
					"$(inherited)",
					"@executable_path/Frameworks",
				);
				MARKETING_VERSION = 1.0;
				PRODUCT_BUNDLE_IDENTIFIER = me.leofriskey.iHodl;
				PRODUCT_NAME = "$(TARGET_NAME)";
				SWIFT_EMIT_LOC_STRINGS = YES;
				SWIFT_VERSION = 5.0;
				TARGETED_DEVICE_FAMILY = "1,2";
			};
			name = Release;
		};
/* End XCBuildConfiguration section */

/* Begin XCConfigurationList section */
		E38824EA288F19990002E9CB /* Build configuration list for PBXProject "iHodl" */ = {
			isa = XCConfigurationList;
			buildConfigurations = (
				E38824FB288F199A0002E9CB /* Debug */,
				E38824FC288F199A0002E9CB /* Release */,
			);
			defaultConfigurationIsVisible = 0;
			defaultConfigurationName = Release;
		};
		E38824FD288F199A0002E9CB /* Build configuration list for PBXNativeTarget "iHodl" */ = {
			isa = XCConfigurationList;
			buildConfigurations = (
				E38824FE288F199A0002E9CB /* Debug */,
				E38824FF288F199A0002E9CB /* Release */,
			);
			defaultConfigurationIsVisible = 0;
			defaultConfigurationName = Release;
		};
/* End XCConfigurationList section */
	};
	rootObject = E38824E7288F19990002E9CB /* Project object */;
}
